// !$*UTF8*$!
{
	archiveVersion = 1;
	classes = {
	};
	objectVersion = 50;
	objects = {

/* Begin PBXBuildFile section */
		DCE5071D228F044C007C3350 /* AppDelegate.swift in Sources */ = {isa = PBXBuildFile; fileRef = DCE5071C228F044C007C3350 /* AppDelegate.swift */; };
		DCE50722228F044C007C3350 /* Main.storyboard in Resources */ = {isa = PBXBuildFile; fileRef = DCE50720228F044C007C3350 /* Main.storyboard */; };
		DCE50724228F044E007C3350 /* Assets.xcassets in Resources */ = {isa = PBXBuildFile; fileRef = DCE50723228F044E007C3350 /* Assets.xcassets */; };
		DCE50727228F044E007C3350 /* LaunchScreen.storyboard in Resources */ = {isa = PBXBuildFile; fileRef = DCE50725228F044E007C3350 /* LaunchScreen.storyboard */; };
		DCE50730228F051A007C3350 /* MovieListTableViewController.swift in Sources */ = {isa = PBXBuildFile; fileRef = DCE5072F228F051A007C3350 /* MovieListTableViewController.swift */; };
		DCE50733228F0539007C3350 /* Movie.swift in Sources */ = {isa = PBXBuildFile; fileRef = DCE50732228F0539007C3350 /* Movie.swift */; };
		DCE50736228F096A007C3350 /* MovieController.swift in Sources */ = {isa = PBXBuildFile; fileRef = DCE50735228F096A007C3350 /* MovieController.swift */; };
		DCE50739228F0FBA007C3350 /* MovieDetailTableViewCell.swift in Sources */ = {isa = PBXBuildFile; fileRef = DCE50738228F0FBA007C3350 /* MovieDetailTableViewCell.swift */; };
/* End PBXBuildFile section */

/* Begin PBXFileReference section */
		DCE50719228F044C007C3350 /* AnchorPointAssessment3.app */ = {isa = PBXFileReference; explicitFileType = wrapper.application; includeInIndex = 0; path = AnchorPointAssessment3.app; sourceTree = BUILT_PRODUCTS_DIR; };
		DCE5071C228F044C007C3350 /* AppDelegate.swift */ = {isa = PBXFileReference; lastKnownFileType = sourcecode.swift; path = AppDelegate.swift; sourceTree = "<group>"; };
		DCE50721228F044C007C3350 /* Base */ = {isa = PBXFileReference; lastKnownFileType = file.storyboard; name = Base; path = Base.lproj/Main.storyboard; sourceTree = "<group>"; };
		DCE50723228F044E007C3350 /* Assets.xcassets */ = {isa = PBXFileReference; lastKnownFileType = folder.assetcatalog; path = Assets.xcassets; sourceTree = "<group>"; };
		DCE50726228F044E007C3350 /* Base */ = {isa = PBXFileReference; lastKnownFileType = file.storyboard; name = Base; path = Base.lproj/LaunchScreen.storyboard; sourceTree = "<group>"; };
		DCE50728228F044E007C3350 /* Info.plist */ = {isa = PBXFileReference; lastKnownFileType = text.plist.xml; path = Info.plist; sourceTree = "<group>"; };
		DCE5072F228F051A007C3350 /* MovieListTableViewController.swift */ = {isa = PBXFileReference; lastKnownFileType = sourcecode.swift; path = MovieListTableViewController.swift; sourceTree = "<group>"; };
		DCE50732228F0539007C3350 /* Movie.swift */ = {isa = PBXFileReference; lastKnownFileType = sourcecode.swift; path = Movie.swift; sourceTree = "<group>"; };
		DCE50735228F096A007C3350 /* MovieController.swift */ = {isa = PBXFileReference; lastKnownFileType = sourcecode.swift; path = MovieController.swift; sourceTree = "<group>"; };
		DCE50738228F0FBA007C3350 /* MovieDetailTableViewCell.swift */ = {isa = PBXFileReference; lastKnownFileType = sourcecode.swift; path = MovieDetailTableViewCell.swift; sourceTree = "<group>"; };
/* End PBXFileReference section */

/* Begin PBXFrameworksBuildPhase section */
		DCE50716228F044C007C3350 /* Frameworks */ = {
			isa = PBXFrameworksBuildPhase;
			buildActionMask = 2147483647;
			files = (
			);
			runOnlyForDeploymentPostprocessing = 0;
		};
/* End PBXFrameworksBuildPhase section */

/* Begin PBXGroup section */
		DCE50710228F044C007C3350 = {
			isa = PBXGroup;
			children = (
				DCE5071B228F044C007C3350 /* AnchorPointAssessment3 */,
				DCE5071A228F044C007C3350 /* Products */,
			);
			sourceTree = "<group>";
		};
		DCE5071A228F044C007C3350 /* Products */ = {
			isa = PBXGroup;
			children = (
				DCE50719228F044C007C3350 /* AnchorPointAssessment3.app */,
			);
			name = Products;
			sourceTree = "<group>";
		};
		DCE5071B228F044C007C3350 /* AnchorPointAssessment3 */ = {
			isa = PBXGroup;
			children = (
				DCE5072E228F0469007C3350 /* Resources */,
				DCE50720228F044C007C3350 /* Main.storyboard */,
				DCE50731228F051E007C3350 /* Views */,
				DCE50734228F053E007C3350 /* Model */,
				DCE50737228F0F8B007C3350 /* Controller */,
			);
			path = AnchorPointAssessment3;
			sourceTree = "<group>";
		};
		DCE5072E228F0469007C3350 /* Resources */ = {
			isa = PBXGroup;
			children = (
				DCE5071C228F044C007C3350 /* AppDelegate.swift */,
				DCE50723228F044E007C3350 /* Assets.xcassets */,
				DCE50725228F044E007C3350 /* LaunchScreen.storyboard */,
				DCE50728228F044E007C3350 /* Info.plist */,
			);
			path = Resources;
			sourceTree = "<group>";
		};
		DCE50731228F051E007C3350 /* Views */ = {
			isa = PBXGroup;
			children = (
				DCE5072F228F051A007C3350 /* MovieListTableViewController.swift */,
				DCE50738228F0FBA007C3350 /* MovieDetailTableViewCell.swift */,
			);
			path = Views;
			sourceTree = "<group>";
		};
		DCE50734228F053E007C3350 /* Model */ = {
			isa = PBXGroup;
			children = (
				DCE50732228F0539007C3350 /* Movie.swift */,
			);
			path = Model;
			sourceTree = "<group>";
		};
		DCE50737228F0F8B007C3350 /* Controller */ = {
			isa = PBXGroup;
			children = (
				DCE50735228F096A007C3350 /* MovieController.swift */,
			);
			path = Controller;
			sourceTree = "<group>";
		};
/* End PBXGroup section */

/* Begin PBXNativeTarget section */
		DCE50718228F044C007C3350 /* AnchorPointAssessment3 */ = {
			isa = PBXNativeTarget;
			buildConfigurationList = DCE5072B228F044E007C3350 /* Build configuration list for PBXNativeTarget "AnchorPointAssessment3" */;
			buildPhases = (
				DCE50715228F044C007C3350 /* Sources */,
				DCE50716228F044C007C3350 /* Frameworks */,
				DCE50717228F044C007C3350 /* Resources */,
			);
			buildRules = (
			);
			dependencies = (
			);
			name = AnchorPointAssessment3;
			productName = AnchorPointAssessment3;
			productReference = DCE50719228F044C007C3350 /* AnchorPointAssessment3.app */;
			productType = "com.apple.product-type.application";
		};
/* End PBXNativeTarget section */

/* Begin PBXProject section */
		DCE50711228F044C007C3350 /* Project object */ = {
			isa = PBXProject;
			attributes = {
				LastSwiftUpdateCheck = 1020;
				LastUpgradeCheck = 1020;
				ORGANIZATIONNAME = DevMountain;
				TargetAttributes = {
					DCE50718228F044C007C3350 = {
						CreatedOnToolsVersion = 10.2.1;
					};
				};
			};
			buildConfigurationList = DCE50714228F044C007C3350 /* Build configuration list for PBXProject "AnchorPointAssessment3" */;
			compatibilityVersion = "Xcode 9.3";
			developmentRegion = en;
			hasScannedForEncodings = 0;
			knownRegions = (
				en,
				Base,
			);
			mainGroup = DCE50710228F044C007C3350;
			productRefGroup = DCE5071A228F044C007C3350 /* Products */;
			projectDirPath = "";
			projectRoot = "";
			targets = (
				DCE50718228F044C007C3350 /* AnchorPointAssessment3 */,
			);
		};
/* End PBXProject section */

/* Begin PBXResourcesBuildPhase section */
		DCE50717228F044C007C3350 /* Resources */ = {
			isa = PBXResourcesBuildPhase;
			buildActionMask = 2147483647;
			files = (
				DCE50727228F044E007C3350 /* LaunchScreen.storyboard in Resources */,
				DCE50724228F044E007C3350 /* Assets.xcassets in Resources */,
				DCE50722228F044C007C3350 /* Main.storyboard in Resources */,
			);
			runOnlyForDeploymentPostprocessing = 0;
		};
/* End PBXResourcesBuildPhase section */

/* Begin PBXSourcesBuildPhase section */
		DCE50715228F044C007C3350 /* Sources */ = {
			isa = PBXSourcesBuildPhase;
			buildActionMask = 2147483647;
			files = (
				DCE50739228F0FBA007C3350 /* MovieDetailTableViewCell.swift in Sources */,
				DCE50736228F096A007C3350 /* MovieController.swift in Sources */,
				DCE50730228F051A007C3350 /* MovieListTableViewController.swift in Sources */,
				DCE5071D228F044C007C3350 /* AppDelegate.swift in Sources */,
				DCE50733228F0539007C3350 /* Movie.swift in Sources */,
			);
			runOnlyForDeploymentPostprocessing = 0;
		};
/* End PBXSourcesBuildPhase section */

/* Begin PBXVariantGroup section */
		DCE50720228F044C007C3350 /* Main.storyboard */ = {
			isa = PBXVariantGroup;
			children = (
				DCE50721228F044C007C3350 /* Base */,
			);
			name = Main.storyboard;
			sourceTree = "<group>";
		};
		DCE50725228F044E007C3350 /* LaunchScreen.storyboard */ = {
			isa = PBXVariantGroup;
			children = (
				DCE50726228F044E007C3350 /* Base */,
			);
			name = LaunchScreen.storyboard;
			sourceTree = "<group>";
		};
/* End PBXVariantGroup section */

/* Begin XCBuildConfiguration section */
		DCE50729228F044E007C3350 /* Debug */ = {
			isa = XCBuildConfiguration;
			buildSettings = {
				ALWAYS_SEARCH_USER_PATHS = NO;
				CLANG_ANALYZER_NONNULL = YES;
				CLANG_ANALYZER_NUMBER_OBJECT_CONVERSION = YES_AGGRESSIVE;
				CLANG_CXX_LANGUAGE_STANDARD = "gnu++14";
				CLANG_CXX_LIBRARY = "libc++";
				CLANG_ENABLE_MODULES = YES;
				CLANG_ENABLE_OBJC_ARC = YES;
				CLANG_ENABLE_OBJC_WEAK = YES;
				CLANG_WARN_BLOCK_CAPTURE_AUTORELEASING = YES;
				CLANG_WARN_BOOL_CONVERSION = YES;
				CLANG_WARN_COMMA = YES;
				CLANG_WARN_CONSTANT_CONVERSION = YES;
				CLANG_WARN_DEPRECATED_OBJC_IMPLEMENTATIONS = YES;
				CLANG_WARN_DIRECT_OBJC_ISA_USAGE = YES_ERROR;
				CLANG_WARN_DOCUMENTATION_COMMENTS = YES;
				CLANG_WARN_EMPTY_BODY = YES;
				CLANG_WARN_ENUM_CONVERSION = YES;
				CLANG_WARN_INFINITE_RECURSION = YES;
				CLANG_WARN_INT_CONVERSION = YES;
				CLANG_WARN_NON_LITERAL_NULL_CONVERSION = YES;
				CLANG_WARN_OBJC_IMPLICIT_RETAIN_SELF = YES;
				CLANG_WARN_OBJC_LITERAL_CONVERSION = YES;
				CLANG_WARN_OBJC_ROOT_CLASS = YES_ERROR;
				CLANG_WARN_RANGE_LOOP_ANALYSIS = YES;
				CLANG_WARN_STRICT_PROTOTYPES = YES;
				CLANG_WARN_SUSPICIOUS_MOVE = YES;
				CLANG_WARN_UNGUARDED_AVAILABILITY = YES_AGGRESSIVE;
				CLANG_WARN_UNREACHABLE_CODE = YES;
				CLANG_WARN__DUPLICATE_METHOD_MATCH = YES;
				CODE_SIGN_IDENTITY = "iPhone Developer";
				COPY_PHASE_STRIP = NO;
				DEBUG_INFORMATION_FORMAT = dwarf;
				ENABLE_STRICT_OBJC_MSGSEND = YES;
				ENABLE_TESTABILITY = YES;
				GCC_C_LANGUAGE_STANDARD = gnu11;
				GCC_DYNAMIC_NO_PIC = NO;
				GCC_NO_COMMON_BLOCKS = YES;
				GCC_OPTIMIZATION_LEVEL = 0;
				GCC_PREPROCESSOR_DEFINITIONS = (
					"DEBUG=1",
					"$(inherited)",
				);
				GCC_WARN_64_TO_32_BIT_CONVERSION = YES;
				GCC_WARN_ABOUT_RETURN_TYPE = YES_ERROR;
				GCC_WARN_UNDECLARED_SELECTOR = YES;
				GCC_WARN_UNINITIALIZED_AUTOS = YES_AGGRESSIVE;
				GCC_WARN_UNUSED_FUNCTION = YES;
				GCC_WARN_UNUSED_VARIABLE = YES;
				IPHONEOS_DEPLOYMENT_TARGET = 12.2;
				MTL_ENABLE_DEBUG_INFO = INCLUDE_SOURCE;
				MTL_FAST_MATH = YES;
				ONLY_ACTIVE_ARCH = YES;
				SDKROOT = iphoneos;
				SWIFT_ACTIVE_COMPILATION_CONDITIONS = DEBUG;
				SWIFT_OPTIMIZATION_LEVEL = "-Onone";
			};
			name = Debug;
		};
		DCE5072A228F044E007C3350 /* Release */ = {
			isa = XCBuildConfiguration;
			buildSettings = {
				ALWAYS_SEARCH_USER_PATHS = NO;
				CLANG_ANALYZER_NONNULL = YES;
				CLANG_ANALYZER_NUMBER_OBJECT_CONVERSION = YES_AGGRESSIVE;
				CLANG_CXX_LANGUAGE_STANDARD = "gnu++14";
				CLANG_CXX_LIBRARY = "libc++";
				CLANG_ENABLE_MODULES = YES;
				CLANG_ENABLE_OBJC_ARC = YES;
				CLANG_ENABLE_OBJC_WEAK = YES;
				CLANG_WARN_BLOCK_CAPTURE_AUTORELEASING = YES;
				CLANG_WARN_BOOL_CONVERSION = YES;
				CLANG_WARN_COMMA = YES;
				CLANG_WARN_CONSTANT_CONVERSION = YES;
				CLANG_WARN_DEPRECATED_OBJC_IMPLEMENTATIONS = YES;
				CLANG_WARN_DIRECT_OBJC_ISA_USAGE = YES_ERROR;
				CLANG_WARN_DOCUMENTATION_COMMENTS = YES;
				CLANG_WARN_EMPTY_BODY = YES;
				CLANG_WARN_ENUM_CONVERSION = YES;
				CLANG_WARN_INFINITE_RECURSION = YES;
				CLANG_WARN_INT_CONVERSION = YES;
				CLANG_WARN_NON_LITERAL_NULL_CONVERSION = YES;
				CLANG_WARN_OBJC_IMPLICIT_RETAIN_SELF = YES;
				CLANG_WARN_OBJC_LITERAL_CONVERSION = YES;
				CLANG_WARN_OBJC_ROOT_CLASS = YES_ERROR;
				CLANG_WARN_RANGE_LOOP_ANALYSIS = YES;
				CLANG_WARN_STRICT_PROTOTYPES = YES;
				CLANG_WARN_SUSPICIOUS_MOVE = YES;
				CLANG_WARN_UNGUARDED_AVAILABILITY = YES_AGGRESSIVE;
				CLANG_WARN_UNREACHABLE_CODE = YES;
				CLANG_WARN__DUPLICATE_METHOD_MATCH = YES;
				CODE_SIGN_IDENTITY = "iPhone Developer";
				COPY_PHASE_STRIP = NO;
				DEBUG_INFORMATION_FORMAT = "dwarf-with-dsym";
				ENABLE_NS_ASSERTIONS = NO;
				ENABLE_STRICT_OBJC_MSGSEND = YES;
				GCC_C_LANGUAGE_STANDARD = gnu11;
				GCC_NO_COMMON_BLOCKS = YES;
				GCC_WARN_64_TO_32_BIT_CONVERSION = YES;
				GCC_WARN_ABOUT_RETURN_TYPE = YES_ERROR;
				GCC_WARN_UNDECLARED_SELECTOR = YES;
				GCC_WARN_UNINITIALIZED_AUTOS = YES_AGGRESSIVE;
				GCC_WARN_UNUSED_FUNCTION = YES;
				GCC_WARN_UNUSED_VARIABLE = YES;
				IPHONEOS_DEPLOYMENT_TARGET = 12.2;
				MTL_ENABLE_DEBUG_INFO = NO;
				MTL_FAST_MATH = YES;
				SDKROOT = iphoneos;
				SWIFT_COMPILATION_MODE = wholemodule;
				SWIFT_OPTIMIZATION_LEVEL = "-O";
				VALIDATE_PRODUCT = YES;
			};
			name = Release;
		};
		DCE5072C228F044E007C3350 /* Debug */ = {
			isa = XCBuildConfiguration;
			buildSettings = {
				ASSETCATALOG_COMPILER_APPICON_NAME = AppIcon;
				CODE_SIGN_STYLE = Automatic;
				DEVELOPMENT_TEAM = DT6NQCY8FM;
				INFOPLIST_FILE = "$(SRCROOT)/AnchorPointAssessment3/Resources/Info.plist";
				LD_RUNPATH_SEARCH_PATHS = (
					"$(inherited)",
					"@executable_path/Frameworks",
				);
				PRODUCT_BUNDLE_IDENTIFIER = KadenDevMountain.AnchorPointAssessment3;
				PRODUCT_NAME = "$(TARGET_NAME)";
				SWIFT_VERSION = 5.0;
				TARGETED_DEVICE_FAMILY = "1,2";
			};
			name = Debug;
		};
		DCE5072D228F044E007C3350 /* Release */ = {
			isa = XCBuildConfiguration;
			buildSettings = {
				ASSETCATALOG_COMPILER_APPICON_NAME = AppIcon;
				CODE_SIGN_STYLE = Automatic;
				DEVELOPMENT_TEAM = DT6NQCY8FM;
				INFOPLIST_FILE = "$(SRCROOT)/AnchorPointAssessment3/Resources/Info.plist";
				LD_RUNPATH_SEARCH_PATHS = (
					"$(inherited)",
					"@executable_path/Frameworks",
				);
				PRODUCT_BUNDLE_IDENTIFIER = KadenDevMountain.AnchorPointAssessment3;
				PRODUCT_NAME = "$(TARGET_NAME)";
				SWIFT_VERSION = 5.0;
				TARGETED_DEVICE_FAMILY = "1,2";
			};
			name = Release;
		};
/* End XCBuildConfiguration section */

/* Begin XCConfigurationList section */
		DCE50714228F044C007C3350 /* Build configuration list for PBXProject "AnchorPointAssessment3" */ = {
			isa = XCConfigurationList;
			buildConfigurations = (
				DCE50729228F044E007C3350 /* Debug */,
				DCE5072A228F044E007C3350 /* Release */,
			);
			defaultConfigurationIsVisible = 0;
			defaultConfigurationName = Release;
		};
		DCE5072B228F044E007C3350 /* Build configuration list for PBXNativeTarget "AnchorPointAssessment3" */ = {
			isa = XCConfigurationList;
			buildConfigurations = (
				DCE5072C228F044E007C3350 /* Debug */,
				DCE5072D228F044E007C3350 /* Release */,
			);
			defaultConfigurationIsVisible = 0;
			defaultConfigurationName = Release;
		};
/* End XCConfigurationList section */
	};
	rootObject = DCE50711228F044C007C3350 /* Project object */;
}
